// !$*UTF8*$!
{
	archiveVersion = 1;
	classes = {
	};
	objectVersion = 51;
	objects = {

/* Begin PBXBuildFile section */
		379477BE3732667F0C5BDDAA /* Pods_ParstagramTests.framework in Frameworks */ = {isa = PBXBuildFile; fileRef = DBC6C6A077E6002FCFC96794 /* Pods_ParstagramTests.framework */; };
		45FB8E18240F7F2600F84528 /* AppDelegate.swift in Sources */ = {isa = PBXBuildFile; fileRef = 45FB8E17240F7F2600F84528 /* AppDelegate.swift */; };
		45FB8E1A240F7F2600F84528 /* SceneDelegate.swift in Sources */ = {isa = PBXBuildFile; fileRef = 45FB8E19240F7F2600F84528 /* SceneDelegate.swift */; };
		45FB8E1F240F7F2600F84528 /* Main.storyboard in Resources */ = {isa = PBXBuildFile; fileRef = 45FB8E1D240F7F2600F84528 /* Main.storyboard */; };
		45FB8E21240F7F2900F84528 /* Assets.xcassets in Resources */ = {isa = PBXBuildFile; fileRef = 45FB8E20240F7F2900F84528 /* Assets.xcassets */; };
		45FB8E24240F7F2900F84528 /* LaunchScreen.storyboard in Resources */ = {isa = PBXBuildFile; fileRef = 45FB8E22240F7F2900F84528 /* LaunchScreen.storyboard */; };
		45FB8E2F240F7F2A00F84528 /* ParstagramTests.swift in Sources */ = {isa = PBXBuildFile; fileRef = 45FB8E2E240F7F2A00F84528 /* ParstagramTests.swift */; };
		45FB8E3A240F7F2A00F84528 /* ParstagramUITests.swift in Sources */ = {isa = PBXBuildFile; fileRef = 45FB8E39240F7F2A00F84528 /* ParstagramUITests.swift */; };
		45FB8E48240F822E00F84528 /* LoginViewController.swift in Sources */ = {isa = PBXBuildFile; fileRef = 45FB8E47240F822E00F84528 /* LoginViewController.swift */; };
		45FB8E4A240F823C00F84528 /* FeedViewController.swift in Sources */ = {isa = PBXBuildFile; fileRef = 45FB8E49240F823C00F84528 /* FeedViewController.swift */; };
		45FB8E4C240F889D00F84528 /* CameraViewController.swift in Sources */ = {isa = PBXBuildFile; fileRef = 45FB8E4B240F889D00F84528 /* CameraViewController.swift */; };
		45FB8E4E240F922100F84528 /* PostTableViewCell.swift in Sources */ = {isa = PBXBuildFile; fileRef = 45FB8E4D240F922100F84528 /* PostTableViewCell.swift */; };
		AEB4C5EF3F8A3AED9034D083 /* Pods_Parstagram_ParstagramUITests.framework in Frameworks */ = {isa = PBXBuildFile; fileRef = 4FDFA764794D1126E5760D52 /* Pods_Parstagram_ParstagramUITests.framework */; };
		BE4BAD699AE251714060B77E /* Pods_Parstagram.framework in Frameworks */ = {isa = PBXBuildFile; fileRef = C23CD43D323BE57D23883189 /* Pods_Parstagram.framework */; };
/* End PBXBuildFile section */

/* Begin PBXContainerItemProxy section */
		45FB8E2B240F7F2A00F84528 /* PBXContainerItemProxy */ = {
			isa = PBXContainerItemProxy;
			containerPortal = 45FB8E0C240F7F2600F84528 /* Project object */;
			proxyType = 1;
			remoteGlobalIDString = 45FB8E13240F7F2600F84528;
			remoteInfo = Parstagram;
		};
		45FB8E36240F7F2A00F84528 /* PBXContainerItemProxy */ = {
			isa = PBXContainerItemProxy;
			containerPortal = 45FB8E0C240F7F2600F84528 /* Project object */;
			proxyType = 1;
			remoteGlobalIDString = 45FB8E13240F7F2600F84528;
			remoteInfo = Parstagram;
		};
/* End PBXContainerItemProxy section */

/* Begin PBXFileReference section */
		1526F39BB918EDFFE35A9AB6 /* Pods-Parstagram-ParstagramUITests.debug.xcconfig */ = {isa = PBXFileReference; includeInIndex = 1; lastKnownFileType = text.xcconfig; name = "Pods-Parstagram-ParstagramUITests.debug.xcconfig"; path = "Target Support Files/Pods-Parstagram-ParstagramUITests/Pods-Parstagram-ParstagramUITests.debug.xcconfig"; sourceTree = "<group>"; };
		17BDA9FA3C270E53BD913E08 /* Pods-ParstagramTests.debug.xcconfig */ = {isa = PBXFileReference; includeInIndex = 1; lastKnownFileType = text.xcconfig; name = "Pods-ParstagramTests.debug.xcconfig"; path = "Target Support Files/Pods-ParstagramTests/Pods-ParstagramTests.debug.xcconfig"; sourceTree = "<group>"; };
		45FB8E14240F7F2600F84528 /* Parstagram.app */ = {isa = PBXFileReference; explicitFileType = wrapper.application; includeInIndex = 0; path = Parstagram.app; sourceTree = BUILT_PRODUCTS_DIR; };
		45FB8E17240F7F2600F84528 /* AppDelegate.swift */ = {isa = PBXFileReference; lastKnownFileType = sourcecode.swift; path = AppDelegate.swift; sourceTree = "<group>"; };
		45FB8E19240F7F2600F84528 /* SceneDelegate.swift */ = {isa = PBXFileReference; lastKnownFileType = sourcecode.swift; path = SceneDelegate.swift; sourceTree = "<group>"; };
		45FB8E1E240F7F2600F84528 /* Base */ = {isa = PBXFileReference; lastKnownFileType = file.storyboard; name = Base; path = Base.lproj/Main.storyboard; sourceTree = "<group>"; };
		45FB8E20240F7F2900F84528 /* Assets.xcassets */ = {isa = PBXFileReference; lastKnownFileType = folder.assetcatalog; path = Assets.xcassets; sourceTree = "<group>"; };
		45FB8E23240F7F2900F84528 /* Base */ = {isa = PBXFileReference; lastKnownFileType = file.storyboard; name = Base; path = Base.lproj/LaunchScreen.storyboard; sourceTree = "<group>"; };
		45FB8E25240F7F2A00F84528 /* Info.plist */ = {isa = PBXFileReference; lastKnownFileType = text.plist.xml; path = Info.plist; sourceTree = "<group>"; };
		45FB8E2A240F7F2A00F84528 /* ParstagramTests.xctest */ = {isa = PBXFileReference; explicitFileType = wrapper.cfbundle; includeInIndex = 0; path = ParstagramTests.xctest; sourceTree = BUILT_PRODUCTS_DIR; };
		45FB8E2E240F7F2A00F84528 /* ParstagramTests.swift */ = {isa = PBXFileReference; lastKnownFileType = sourcecode.swift; path = ParstagramTests.swift; sourceTree = "<group>"; };
		45FB8E30240F7F2A00F84528 /* Info.plist */ = {isa = PBXFileReference; lastKnownFileType = text.plist.xml; path = Info.plist; sourceTree = "<group>"; };
		45FB8E35240F7F2A00F84528 /* ParstagramUITests.xctest */ = {isa = PBXFileReference; explicitFileType = wrapper.cfbundle; includeInIndex = 0; path = ParstagramUITests.xctest; sourceTree = BUILT_PRODUCTS_DIR; };
		45FB8E39240F7F2A00F84528 /* ParstagramUITests.swift */ = {isa = PBXFileReference; lastKnownFileType = sourcecode.swift; path = ParstagramUITests.swift; sourceTree = "<group>"; };
		45FB8E3B240F7F2A00F84528 /* Info.plist */ = {isa = PBXFileReference; lastKnownFileType = text.plist.xml; path = Info.plist; sourceTree = "<group>"; };
		45FB8E47240F822E00F84528 /* LoginViewController.swift */ = {isa = PBXFileReference; lastKnownFileType = sourcecode.swift; path = LoginViewController.swift; sourceTree = "<group>"; };
		45FB8E49240F823C00F84528 /* FeedViewController.swift */ = {isa = PBXFileReference; lastKnownFileType = sourcecode.swift; path = FeedViewController.swift; sourceTree = "<group>"; };
		45FB8E4B240F889D00F84528 /* CameraViewController.swift */ = {isa = PBXFileReference; lastKnownFileType = sourcecode.swift; path = CameraViewController.swift; sourceTree = "<group>"; };
		45FB8E4D240F922100F84528 /* PostTableViewCell.swift */ = {isa = PBXFileReference; lastKnownFileType = sourcecode.swift; path = PostTableViewCell.swift; sourceTree = "<group>"; };
		4FDFA764794D1126E5760D52 /* Pods_Parstagram_ParstagramUITests.framework */ = {isa = PBXFileReference; explicitFileType = wrapper.framework; includeInIndex = 0; path = Pods_Parstagram_ParstagramUITests.framework; sourceTree = BUILT_PRODUCTS_DIR; };
		833FB95A8DEE6CFF8BFAE54A /* Pods-Parstagram-ParstagramUITests.release.xcconfig */ = {isa = PBXFileReference; includeInIndex = 1; lastKnownFileType = text.xcconfig; name = "Pods-Parstagram-ParstagramUITests.release.xcconfig"; path = "Target Support Files/Pods-Parstagram-ParstagramUITests/Pods-Parstagram-ParstagramUITests.release.xcconfig"; sourceTree = "<group>"; };
		98F1137DFF97C328CA74AEC7 /* Pods-Parstagram.release.xcconfig */ = {isa = PBXFileReference; includeInIndex = 1; lastKnownFileType = text.xcconfig; name = "Pods-Parstagram.release.xcconfig"; path = "Target Support Files/Pods-Parstagram/Pods-Parstagram.release.xcconfig"; sourceTree = "<group>"; };
		A6834C9A0AF0EEB8DD26C14E /* Pods-Parstagram.debug.xcconfig */ = {isa = PBXFileReference; includeInIndex = 1; lastKnownFileType = text.xcconfig; name = "Pods-Parstagram.debug.xcconfig"; path = "Target Support Files/Pods-Parstagram/Pods-Parstagram.debug.xcconfig"; sourceTree = "<group>"; };
		C23CD43D323BE57D23883189 /* Pods_Parstagram.framework */ = {isa = PBXFileReference; explicitFileType = wrapper.framework; includeInIndex = 0; path = Pods_Parstagram.framework; sourceTree = BUILT_PRODUCTS_DIR; };
		DBC6C6A077E6002FCFC96794 /* Pods_ParstagramTests.framework */ = {isa = PBXFileReference; explicitFileType = wrapper.framework; includeInIndex = 0; path = Pods_ParstagramTests.framework; sourceTree = BUILT_PRODUCTS_DIR; };
		F83A65CC4B7973B31320D803 /* Pods-ParstagramTests.release.xcconfig */ = {isa = PBXFileReference; includeInIndex = 1; lastKnownFileType = text.xcconfig; name = "Pods-ParstagramTests.release.xcconfig"; path = "Target Support Files/Pods-ParstagramTests/Pods-ParstagramTests.release.xcconfig"; sourceTree = "<group>"; };
/* End PBXFileReference section */

/* Begin PBXFrameworksBuildPhase section */
		45FB8E11240F7F2600F84528 /* Frameworks */ = {
			isa = PBXFrameworksBuildPhase;
			buildActionMask = 2147483647;
			files = (
				BE4BAD699AE251714060B77E /* Pods_Parstagram.framework in Frameworks */,
			);
			runOnlyForDeploymentPostprocessing = 0;
		};
		45FB8E27240F7F2A00F84528 /* Frameworks */ = {
			isa = PBXFrameworksBuildPhase;
			buildActionMask = 2147483647;
			files = (
				379477BE3732667F0C5BDDAA /* Pods_ParstagramTests.framework in Frameworks */,
			);
			runOnlyForDeploymentPostprocessing = 0;
		};
		45FB8E32240F7F2A00F84528 /* Frameworks */ = {
			isa = PBXFrameworksBuildPhase;
			buildActionMask = 2147483647;
			files = (
				AEB4C5EF3F8A3AED9034D083 /* Pods_Parstagram_ParstagramUITests.framework in Frameworks */,
			);
			runOnlyForDeploymentPostprocessing = 0;
		};
/* End PBXFrameworksBuildPhase section */

/* Begin PBXGroup section */
		45FB8E0B240F7F2600F84528 = {
			isa = PBXGroup;
			children = (
				45FB8E16240F7F2600F84528 /* Parstagram */,
				45FB8E2D240F7F2A00F84528 /* ParstagramTests */,
				45FB8E38240F7F2A00F84528 /* ParstagramUITests */,
				45FB8E15240F7F2600F84528 /* Products */,
				A5C0B343B23ADEA635D4CF0C /* Pods */,
				ACB457DEBFB92BC37C06D448 /* Frameworks */,
			);
			sourceTree = "<group>";
		};
		45FB8E15240F7F2600F84528 /* Products */ = {
			isa = PBXGroup;
			children = (
				45FB8E14240F7F2600F84528 /* Parstagram.app */,
				45FB8E2A240F7F2A00F84528 /* ParstagramTests.xctest */,
				45FB8E35240F7F2A00F84528 /* ParstagramUITests.xctest */,
			);
			name = Products;
			sourceTree = "<group>";
		};
		45FB8E16240F7F2600F84528 /* Parstagram */ = {
			isa = PBXGroup;
			children = (
				45FB8E17240F7F2600F84528 /* AppDelegate.swift */,
				45FB8E20240F7F2900F84528 /* Assets.xcassets */,
				45FB8E4B240F889D00F84528 /* CameraViewController.swift */,
				45FB8E49240F823C00F84528 /* FeedViewController.swift */,
				45FB8E25240F7F2A00F84528 /* Info.plist */,
				45FB8E22240F7F2900F84528 /* LaunchScreen.storyboard */,
				45FB8E47240F822E00F84528 /* LoginViewController.swift */,
				45FB8E1D240F7F2600F84528 /* Main.storyboard */,
				45FB8E4D240F922100F84528 /* PostTableViewCell.swift */,
				45FB8E19240F7F2600F84528 /* SceneDelegate.swift */,
			);
			path = Parstagram;
			sourceTree = "<group>";
		};
		45FB8E2D240F7F2A00F84528 /* ParstagramTests */ = {
			isa = PBXGroup;
			children = (
				45FB8E2E240F7F2A00F84528 /* ParstagramTests.swift */,
				45FB8E30240F7F2A00F84528 /* Info.plist */,
			);
			path = ParstagramTests;
			sourceTree = "<group>";
		};
		45FB8E38240F7F2A00F84528 /* ParstagramUITests */ = {
			isa = PBXGroup;
			children = (
				45FB8E39240F7F2A00F84528 /* ParstagramUITests.swift */,
				45FB8E3B240F7F2A00F84528 /* Info.plist */,
			);
			path = ParstagramUITests;
			sourceTree = "<group>";
		};
		A5C0B343B23ADEA635D4CF0C /* Pods */ = {
			isa = PBXGroup;
			children = (
				A6834C9A0AF0EEB8DD26C14E /* Pods-Parstagram.debug.xcconfig */,
				98F1137DFF97C328CA74AEC7 /* Pods-Parstagram.release.xcconfig */,
				1526F39BB918EDFFE35A9AB6 /* Pods-Parstagram-ParstagramUITests.debug.xcconfig */,
				833FB95A8DEE6CFF8BFAE54A /* Pods-Parstagram-ParstagramUITests.release.xcconfig */,
				17BDA9FA3C270E53BD913E08 /* Pods-ParstagramTests.debug.xcconfig */,
				F83A65CC4B7973B31320D803 /* Pods-ParstagramTests.release.xcconfig */,
			);
			path = Pods;
			sourceTree = "<group>";
		};
		ACB457DEBFB92BC37C06D448 /* Frameworks */ = {
			isa = PBXGroup;
			children = (
				C23CD43D323BE57D23883189 /* Pods_Parstagram.framework */,
				4FDFA764794D1126E5760D52 /* Pods_Parstagram_ParstagramUITests.framework */,
				DBC6C6A077E6002FCFC96794 /* Pods_ParstagramTests.framework */,
			);
			name = Frameworks;
			sourceTree = "<group>";
		};
/* End PBXGroup section */

/* Begin PBXNativeTarget section */
		45FB8E13240F7F2600F84528 /* Parstagram */ = {
			isa = PBXNativeTarget;
			buildConfigurationList = 45FB8E3E240F7F2A00F84528 /* Build configuration list for PBXNativeTarget "Parstagram" */;
			buildPhases = (
				5A190B2B66B13A28D2494A52 /* [CP] Check Pods Manifest.lock */,
				45FB8E10240F7F2600F84528 /* Sources */,
				45FB8E11240F7F2600F84528 /* Frameworks */,
				45FB8E12240F7F2600F84528 /* Resources */,
				FF546A99FCD9589423945FB0 /* [CP] Embed Pods Frameworks */,
			);
			buildRules = (
			);
			dependencies = (
			);
			name = Parstagram;
			productName = Parstagram;
			productReference = 45FB8E14240F7F2600F84528 /* Parstagram.app */;
			productType = "com.apple.product-type.application";
		};
		45FB8E29240F7F2A00F84528 /* ParstagramTests */ = {
			isa = PBXNativeTarget;
			buildConfigurationList = 45FB8E41240F7F2A00F84528 /* Build configuration list for PBXNativeTarget "ParstagramTests" */;
			buildPhases = (
				02EAB642BE338DD74C88687F /* [CP] Check Pods Manifest.lock */,
				45FB8E26240F7F2A00F84528 /* Sources */,
				45FB8E27240F7F2A00F84528 /* Frameworks */,
				45FB8E28240F7F2A00F84528 /* Resources */,
			);
			buildRules = (
			);
			dependencies = (
				45FB8E2C240F7F2A00F84528 /* PBXTargetDependency */,
			);
			name = ParstagramTests;
			productName = ParstagramTests;
			productReference = 45FB8E2A240F7F2A00F84528 /* ParstagramTests.xctest */;
			productType = "com.apple.product-type.bundle.unit-test";
		};
		45FB8E34240F7F2A00F84528 /* ParstagramUITests */ = {
			isa = PBXNativeTarget;
			buildConfigurationList = 45FB8E44240F7F2A00F84528 /* Build configuration list for PBXNativeTarget "ParstagramUITests" */;
			buildPhases = (
				F6017F981A4228EC9DC039A0 /* [CP] Check Pods Manifest.lock */,
				45FB8E31240F7F2A00F84528 /* Sources */,
				45FB8E32240F7F2A00F84528 /* Frameworks */,
				45FB8E33240F7F2A00F84528 /* Resources */,
				2F1F31FE116305CB0C2EA943 /* [CP] Embed Pods Frameworks */,
			);
			buildRules = (
			);
			dependencies = (
				45FB8E37240F7F2A00F84528 /* PBXTargetDependency */,
			);
			name = ParstagramUITests;
			productName = ParstagramUITests;
			productReference = 45FB8E35240F7F2A00F84528 /* ParstagramUITests.xctest */;
			productType = "com.apple.product-type.bundle.ui-testing";
		};
/* End PBXNativeTarget section */

/* Begin PBXProject section */
		45FB8E0C240F7F2600F84528 /* Project object */ = {
			isa = PBXProject;
			attributes = {
				LastSwiftUpdateCheck = 1130;
				LastUpgradeCheck = 1130;
				ORGANIZATIONNAME = "Yazmin Carrillo";
				TargetAttributes = {
					45FB8E13240F7F2600F84528 = {
						CreatedOnToolsVersion = 11.3.1;
					};
					45FB8E29240F7F2A00F84528 = {
						CreatedOnToolsVersion = 11.3.1;
						TestTargetID = 45FB8E13240F7F2600F84528;
					};
					45FB8E34240F7F2A00F84528 = {
						CreatedOnToolsVersion = 11.3.1;
						TestTargetID = 45FB8E13240F7F2600F84528;
					};
				};
			};
			buildConfigurationList = 45FB8E0F240F7F2600F84528 /* Build configuration list for PBXProject "Parstagram" */;
			compatibilityVersion = "Xcode 9.3";
			developmentRegion = en;
			hasScannedForEncodings = 0;
			knownRegions = (
				en,
				Base,
			);
			mainGroup = 45FB8E0B240F7F2600F84528;
			productRefGroup = 45FB8E15240F7F2600F84528 /* Products */;
			projectDirPath = "";
			projectRoot = "";
			targets = (
				45FB8E13240F7F2600F84528 /* Parstagram */,
				45FB8E29240F7F2A00F84528 /* ParstagramTests */,
				45FB8E34240F7F2A00F84528 /* ParstagramUITests */,
			);
		};
/* End PBXProject section */

/* Begin PBXResourcesBuildPhase section */
		45FB8E12240F7F2600F84528 /* Resources */ = {
			isa = PBXResourcesBuildPhase;
			buildActionMask = 2147483647;
			files = (
				45FB8E24240F7F2900F84528 /* LaunchScreen.storyboard in Resources */,
				45FB8E21240F7F2900F84528 /* Assets.xcassets in Resources */,
				45FB8E1F240F7F2600F84528 /* Main.storyboard in Resources */,
			);
			runOnlyForDeploymentPostprocessing = 0;
		};
		45FB8E28240F7F2A00F84528 /* Resources */ = {
			isa = PBXResourcesBuildPhase;
			buildActionMask = 2147483647;
			files = (
			);
			runOnlyForDeploymentPostprocessing = 0;
		};
		45FB8E33240F7F2A00F84528 /* Resources */ = {
			isa = PBXResourcesBuildPhase;
			buildActionMask = 2147483647;
			files = (
			);
			runOnlyForDeploymentPostprocessing = 0;
		};
/* End PBXResourcesBuildPhase section */

/* Begin PBXShellScriptBuildPhase section */
		02EAB642BE338DD74C88687F /* [CP] Check Pods Manifest.lock */ = {
			isa = PBXShellScriptBuildPhase;
			buildActionMask = 2147483647;
			files = (
			);
			inputFileListPaths = (
			);
			inputPaths = (
				"${PODS_PODFILE_DIR_PATH}/Podfile.lock",
				"${PODS_ROOT}/Manifest.lock",
			);
			name = "[CP] Check Pods Manifest.lock";
			outputFileListPaths = (
			);
			outputPaths = (
				"$(DERIVED_FILE_DIR)/Pods-ParstagramTests-checkManifestLockResult.txt",
			);
			runOnlyForDeploymentPostprocessing = 0;
			shellPath = /bin/sh;
			shellScript = "diff \"${PODS_PODFILE_DIR_PATH}/Podfile.lock\" \"${PODS_ROOT}/Manifest.lock\" > /dev/null\nif [ $? != 0 ] ; then\n    # print error to STDERR\n    echo \"error: The sandbox is not in sync with the Podfile.lock. Run 'pod install' or update your CocoaPods installation.\" >&2\n    exit 1\nfi\n# This output is used by Xcode 'outputs' to avoid re-running this script phase.\necho \"SUCCESS\" > \"${SCRIPT_OUTPUT_FILE_0}\"\n";
			showEnvVarsInLog = 0;
		};
		2F1F31FE116305CB0C2EA943 /* [CP] Embed Pods Frameworks */ = {
			isa = PBXShellScriptBuildPhase;
			buildActionMask = 2147483647;
			files = (
			);
			inputFileListPaths = (
				"${PODS_ROOT}/Target Support Files/Pods-Parstagram-ParstagramUITests/Pods-Parstagram-ParstagramUITests-frameworks-${CONFIGURATION}-input-files.xcfilelist",
			);
			name = "[CP] Embed Pods Frameworks";
			outputFileListPaths = (
				"${PODS_ROOT}/Target Support Files/Pods-Parstagram-ParstagramUITests/Pods-Parstagram-ParstagramUITests-frameworks-${CONFIGURATION}-output-files.xcfilelist",
			);
			runOnlyForDeploymentPostprocessing = 0;
			shellPath = /bin/sh;
			shellScript = "\"${PODS_ROOT}/Target Support Files/Pods-Parstagram-ParstagramUITests/Pods-Parstagram-ParstagramUITests-frameworks.sh\"\n";
			showEnvVarsInLog = 0;
		};
		5A190B2B66B13A28D2494A52 /* [CP] Check Pods Manifest.lock */ = {
			isa = PBXShellScriptBuildPhase;
			buildActionMask = 2147483647;
			files = (
			);
			inputFileListPaths = (
			);
			inputPaths = (
				"${PODS_PODFILE_DIR_PATH}/Podfile.lock",
				"${PODS_ROOT}/Manifest.lock",
			);
			name = "[CP] Check Pods Manifest.lock";
			outputFileListPaths = (
			);
			outputPaths = (
				"$(DERIVED_FILE_DIR)/Pods-Parstagram-checkManifestLockResult.txt",
			);
			runOnlyForDeploymentPostprocessing = 0;
			shellPath = /bin/sh;
			shellScript = "diff \"${PODS_PODFILE_DIR_PATH}/Podfile.lock\" \"${PODS_ROOT}/Manifest.lock\" > /dev/null\nif [ $? != 0 ] ; then\n    # print error to STDERR\n    echo \"error: The sandbox is not in sync with the Podfile.lock. Run 'pod install' or update your CocoaPods installation.\" >&2\n    exit 1\nfi\n# This output is used by Xcode 'outputs' to avoid re-running this script phase.\necho \"SUCCESS\" > \"${SCRIPT_OUTPUT_FILE_0}\"\n";
			showEnvVarsInLog = 0;
		};
		F6017F981A4228EC9DC039A0 /* [CP] Check Pods Manifest.lock */ = {
			isa = PBXShellScriptBuildPhase;
			buildActionMask = 2147483647;
			files = (
			);
			inputFileListPaths = (
			);
			inputPaths = (
				"${PODS_PODFILE_DIR_PATH}/Podfile.lock",
				"${PODS_ROOT}/Manifest.lock",
			);
			name = "[CP] Check Pods Manifest.lock";
			outputFileListPaths = (
			);
			outputPaths = (
				"$(DERIVED_FILE_DIR)/Pods-Parstagram-ParstagramUITests-checkManifestLockResult.txt",
			);
			runOnlyForDeploymentPostprocessing = 0;
			shellPath = /bin/sh;
			shellScript = "diff \"${PODS_PODFILE_DIR_PATH}/Podfile.lock\" \"${PODS_ROOT}/Manifest.lock\" > /dev/null\nif [ $? != 0 ] ; then\n    # print error to STDERR\n    echo \"error: The sandbox is not in sync with the Podfile.lock. Run 'pod install' or update your CocoaPods installation.\" >&2\n    exit 1\nfi\n# This output is used by Xcode 'outputs' to avoid re-running this script phase.\necho \"SUCCESS\" > \"${SCRIPT_OUTPUT_FILE_0}\"\n";
			showEnvVarsInLog = 0;
		};
		FF546A99FCD9589423945FB0 /* [CP] Embed Pods Frameworks */ = {
			isa = PBXShellScriptBuildPhase;
			buildActionMask = 2147483647;
			files = (
			);
			inputFileListPaths = (
				"${PODS_ROOT}/Target Support Files/Pods-Parstagram/Pods-Parstagram-frameworks-${CONFIGURATION}-input-files.xcfilelist",
			);
			name = "[CP] Embed Pods Frameworks";
			outputFileListPaths = (
				"${PODS_ROOT}/Target Support Files/Pods-Parstagram/Pods-Parstagram-frameworks-${CONFIGURATION}-output-files.xcfilelist",
			);
			runOnlyForDeploymentPostprocessing = 0;
			shellPath = /bin/sh;
			shellScript = "\"${PODS_ROOT}/Target Support Files/Pods-Parstagram/Pods-Parstagram-frameworks.sh\"\n";
			showEnvVarsInLog = 0;
		};
/* End PBXShellScriptBuildPhase section */

/* Begin PBXSourcesBuildPhase section */
		45FB8E10240F7F2600F84528 /* Sources */ = {
			isa = PBXSourcesBuildPhase;
			buildActionMask = 2147483647;
			files = (
				45FB8E48240F822E00F84528 /* LoginViewController.swift in Sources */,
				45FB8E4C240F889D00F84528 /* CameraViewController.swift in Sources */,
				45FB8E18240F7F2600F84528 /* AppDelegate.swift in Sources */,
				45FB8E4A240F823C00F84528 /* FeedViewController.swift in Sources */,
				45FB8E1A240F7F2600F84528 /* SceneDelegate.swift in Sources */,
				45FB8E4E240F922100F84528 /* PostTableViewCell.swift in Sources */,
			);
			runOnlyForDeploymentPostprocessing = 0;
		};
		45FB8E26240F7F2A00F84528 /* Sources */ = {
			isa = PBXSourcesBuildPhase;
			buildActionMask = 2147483647;
			files = (
				45FB8E2F240F7F2A00F84528 /* ParstagramTests.swift in Sources */,
			);
			runOnlyForDeploymentPostprocessing = 0;
		};
		45FB8E31240F7F2A00F84528 /* Sources */ = {
			isa = PBXSourcesBuildPhase;
			buildActionMask = 2147483647;
			files = (
				45FB8E3A240F7F2A00F84528 /* ParstagramUITests.swift in Sources */,
			);
			runOnlyForDeploymentPostprocessing = 0;
		};
/* End PBXSourcesBuildPhase section */

/* Begin PBXTargetDependency section */
		45FB8E2C240F7F2A00F84528 /* PBXTargetDependency */ = {
			isa = PBXTargetDependency;
			target = 45FB8E13240F7F2600F84528 /* Parstagram */;
			targetProxy = 45FB8E2B240F7F2A00F84528 /* PBXContainerItemProxy */;
		};
		45FB8E37240F7F2A00F84528 /* PBXTargetDependency */ = {
			isa = PBXTargetDependency;
			target = 45FB8E13240F7F2600F84528 /* Parstagram */;
			targetProxy = 45FB8E36240F7F2A00F84528 /* PBXContainerItemProxy */;
		};
/* End PBXTargetDependency section */

/* Begin PBXVariantGroup section */
		45FB8E1D240F7F2600F84528 /* Main.storyboard */ = {
			isa = PBXVariantGroup;
			children = (
				45FB8E1E240F7F2600F84528 /* Base */,
			);
			name = Main.storyboard;
			sourceTree = "<group>";
		};
		45FB8E22240F7F2900F84528 /* LaunchScreen.storyboard */ = {
			isa = PBXVariantGroup;
			children = (
				45FB8E23240F7F2900F84528 /* Base */,
			);
			name = LaunchScreen.storyboard;
			sourceTree = "<group>";
		};
/* End PBXVariantGroup section */

/* Begin XCBuildConfiguration section */
		45FB8E3C240F7F2A00F84528 /* Debug */ = {
			isa = XCBuildConfiguration;
			buildSettings = {
				ALWAYS_SEARCH_USER_PATHS = NO;
				CLANG_ANALYZER_NONNULL = YES;
				CLANG_ANALYZER_NUMBER_OBJECT_CONVERSION = YES_AGGRESSIVE;
				CLANG_CXX_LANGUAGE_STANDARD = "gnu++14";
				CLANG_CXX_LIBRARY = "libc++";
				CLANG_ENABLE_MODULES = YES;
				CLANG_ENABLE_OBJC_ARC = YES;
				CLANG_ENABLE_OBJC_WEAK = YES;
				CLANG_WARN_BLOCK_CAPTURE_AUTORELEASING = YES;
				CLANG_WARN_BOOL_CONVERSION = YES;
				CLANG_WARN_COMMA = YES;
				CLANG_WARN_CONSTANT_CONVERSION = YES;
				CLANG_WARN_DEPRECATED_OBJC_IMPLEMENTATIONS = YES;
				CLANG_WARN_DIRECT_OBJC_ISA_USAGE = YES_ERROR;
				CLANG_WARN_DOCUMENTATION_COMMENTS = YES;
				CLANG_WARN_EMPTY_BODY = YES;
				CLANG_WARN_ENUM_CONVERSION = YES;
				CLANG_WARN_INFINITE_RECURSION = YES;
				CLANG_WARN_INT_CONVERSION = YES;
				CLANG_WARN_NON_LITERAL_NULL_CONVERSION = YES;
				CLANG_WARN_OBJC_IMPLICIT_RETAIN_SELF = YES;
				CLANG_WARN_OBJC_LITERAL_CONVERSION = YES;
				CLANG_WARN_OBJC_ROOT_CLASS = YES_ERROR;
				CLANG_WARN_RANGE_LOOP_ANALYSIS = YES;
				CLANG_WARN_STRICT_PROTOTYPES = YES;
				CLANG_WARN_SUSPICIOUS_MOVE = YES;
				CLANG_WARN_UNGUARDED_AVAILABILITY = YES_AGGRESSIVE;
				CLANG_WARN_UNREACHABLE_CODE = YES;
				CLANG_WARN__DUPLICATE_METHOD_MATCH = YES;
				COPY_PHASE_STRIP = NO;
				DEBUG_INFORMATION_FORMAT = dwarf;
				ENABLE_STRICT_OBJC_MSGSEND = YES;
				ENABLE_TESTABILITY = YES;
				GCC_C_LANGUAGE_STANDARD = gnu11;
				GCC_DYNAMIC_NO_PIC = NO;
				GCC_NO_COMMON_BLOCKS = YES;
				GCC_OPTIMIZATION_LEVEL = 0;
				GCC_PREPROCESSOR_DEFINITIONS = (
					"DEBUG=1",
					"$(inherited)",
				);
				GCC_WARN_64_TO_32_BIT_CONVERSION = YES;
				GCC_WARN_ABOUT_RETURN_TYPE = YES_ERROR;
				GCC_WARN_UNDECLARED_SELECTOR = YES;
				GCC_WARN_UNINITIALIZED_AUTOS = YES_AGGRESSIVE;
				GCC_WARN_UNUSED_FUNCTION = YES;
				GCC_WARN_UNUSED_VARIABLE = YES;
				IPHONEOS_DEPLOYMENT_TARGET = 13.2;
				MTL_ENABLE_DEBUG_INFO = INCLUDE_SOURCE;
				MTL_FAST_MATH = YES;
				ONLY_ACTIVE_ARCH = YES;
				SDKROOT = iphoneos;
				SWIFT_ACTIVE_COMPILATION_CONDITIONS = DEBUG;
				SWIFT_OPTIMIZATION_LEVEL = "-Onone";
			};
			name = Debug;
		};
		45FB8E3D240F7F2A00F84528 /* Release */ = {
			isa = XCBuildConfiguration;
			buildSettings = {
				ALWAYS_SEARCH_USER_PATHS = NO;
				CLANG_ANALYZER_NONNULL = YES;
				CLANG_ANALYZER_NUMBER_OBJECT_CONVERSION = YES_AGGRESSIVE;
				CLANG_CXX_LANGUAGE_STANDARD = "gnu++14";
				CLANG_CXX_LIBRARY = "libc++";
				CLANG_ENABLE_MODULES = YES;
				CLANG_ENABLE_OBJC_ARC = YES;
				CLANG_ENABLE_OBJC_WEAK = YES;
				CLANG_WARN_BLOCK_CAPTURE_AUTORELEASING = YES;
				CLANG_WARN_BOOL_CONVERSION = YES;
				CLANG_WARN_COMMA = YES;
				CLANG_WARN_CONSTANT_CONVERSION = YES;
				CLANG_WARN_DEPRECATED_OBJC_IMPLEMENTATIONS = YES;
				CLANG_WARN_DIRECT_OBJC_ISA_USAGE = YES_ERROR;
				CLANG_WARN_DOCUMENTATION_COMMENTS = YES;
				CLANG_WARN_EMPTY_BODY = YES;
				CLANG_WARN_ENUM_CONVERSION = YES;
				CLANG_WARN_INFINITE_RECURSION = YES;
				CLANG_WARN_INT_CONVERSION = YES;
				CLANG_WARN_NON_LITERAL_NULL_CONVERSION = YES;
				CLANG_WARN_OBJC_IMPLICIT_RETAIN_SELF = YES;
				CLANG_WARN_OBJC_LITERAL_CONVERSION = YES;
				CLANG_WARN_OBJC_ROOT_CLASS = YES_ERROR;
				CLANG_WARN_RANGE_LOOP_ANALYSIS = YES;
				CLANG_WARN_STRICT_PROTOTYPES = YES;
				CLANG_WARN_SUSPICIOUS_MOVE = YES;
				CLANG_WARN_UNGUARDED_AVAILABILITY = YES_AGGRESSIVE;
				CLANG_WARN_UNREACHABLE_CODE = YES;
				CLANG_WARN__DUPLICATE_METHOD_MATCH = YES;
				COPY_PHASE_STRIP = NO;
				DEBUG_INFORMATION_FORMAT = "dwarf-with-dsym";
				ENABLE_NS_ASSERTIONS = NO;
				ENABLE_STRICT_OBJC_MSGSEND = YES;
				GCC_C_LANGUAGE_STANDARD = gnu11;
				GCC_NO_COMMON_BLOCKS = YES;
				GCC_WARN_64_TO_32_BIT_CONVERSION = YES;
				GCC_WARN_ABOUT_RETURN_TYPE = YES_ERROR;
				GCC_WARN_UNDECLARED_SELECTOR = YES;
				GCC_WARN_UNINITIALIZED_AUTOS = YES_AGGRESSIVE;
				GCC_WARN_UNUSED_FUNCTION = YES;
				GCC_WARN_UNUSED_VARIABLE = YES;
				IPHONEOS_DEPLOYMENT_TARGET = 13.2;
				MTL_ENABLE_DEBUG_INFO = NO;
				MTL_FAST_MATH = YES;
				SDKROOT = iphoneos;
				SWIFT_COMPILATION_MODE = wholemodule;
				SWIFT_OPTIMIZATION_LEVEL = "-O";
				VALIDATE_PRODUCT = YES;
			};
			name = Release;
		};
		45FB8E3F240F7F2A00F84528 /* Debug */ = {
			isa = XCBuildConfiguration;
			baseConfigurationReference = A6834C9A0AF0EEB8DD26C14E /* Pods-Parstagram.debug.xcconfig */;
			buildSettings = {
				ASSETCATALOG_COMPILER_APPICON_NAME = AppIcon;
				CODE_SIGN_STYLE = Automatic;
				DEVELOPMENT_TEAM = 34Z8HRUM4W;
				INFOPLIST_FILE = Parstagram/Info.plist;
				LD_RUNPATH_SEARCH_PATHS = (
					"$(inherited)",
					"@executable_path/Frameworks",
				);
				PRODUCT_BUNDLE_IDENTIFIER = com.carrillo.Parstagram;
				PRODUCT_NAME = "$(TARGET_NAME)";
				SWIFT_VERSION = 5.0;
				TARGETED_DEVICE_FAMILY = "1,2";
			};
			name = Debug;
		};
		45FB8E40240F7F2A00F84528 /* Release */ = {
			isa = XCBuildConfiguration;
			baseConfigurationReference = 98F1137DFF97C328CA74AEC7 /* Pods-Parstagram.release.xcconfig */;
			buildSettings = {
				ASSETCATALOG_COMPILER_APPICON_NAME = AppIcon;
				CODE_SIGN_STYLE = Automatic;
				DEVELOPMENT_TEAM = 34Z8HRUM4W;
				INFOPLIST_FILE = Parstagram/Info.plist;
				LD_RUNPATH_SEARCH_PATHS = (
					"$(inherited)",
					"@executable_path/Frameworks",
				);
				PRODUCT_BUNDLE_IDENTIFIER = com.carrillo.Parstagram;
				PRODUCT_NAME = "$(TARGET_NAME)";
				SWIFT_VERSION = 5.0;
				TARGETED_DEVICE_FAMILY = "1,2";
			};
			name = Release;
		};
		45FB8E42240F7F2A00F84528 /* Debug */ = {
			isa = XCBuildConfiguration;
			baseConfigurationReference = 17BDA9FA3C270E53BD913E08 /* Pods-ParstagramTests.debug.xcconfig */;
			buildSettings = {
				ALWAYS_EMBED_SWIFT_STANDARD_LIBRARIES = YES;
				BUNDLE_LOADER = "$(TEST_HOST)";
				CODE_SIGN_STYLE = Automatic;
				DEVELOPMENT_TEAM = 34Z8HRUM4W;
				INFOPLIST_FILE = ParstagramTests/Info.plist;
				IPHONEOS_DEPLOYMENT_TARGET = 13.2;
				LD_RUNPATH_SEARCH_PATHS = (
					"$(inherited)",
					"@executable_path/Frameworks",
					"@loader_path/Frameworks",
				);
				PRODUCT_BUNDLE_IDENTIFIER = com.carrillo.ParstagramTests;
				PRODUCT_NAME = "$(TARGET_NAME)";
				SWIFT_VERSION = 5.0;
				TARGETED_DEVICE_FAMILY = "1,2";
				TEST_HOST = "$(BUILT_PRODUCTS_DIR)/Parstagram.app/Parstagram";
			};
			name = Debug;
		};
		45FB8E43240F7F2A00F84528 /* Release */ = {
			isa = XCBuildConfiguration;
			baseConfigurationReference = F83A65CC4B7973B31320D803 /* Pods-ParstagramTests.release.xcconfig */;
			buildSettings = {
				ALWAYS_EMBED_SWIFT_STANDARD_LIBRARIES = YES;
				BUNDLE_LOADER = "$(TEST_HOST)";
				CODE_SIGN_STYLE = Automatic;
				DEVELOPMENT_TEAM = 34Z8HRUM4W;
				INFOPLIST_FILE = ParstagramTests/Info.plist;
				IPHONEOS_DEPLOYMENT_TARGET = 13.2;
				LD_RUNPATH_SEARCH_PATHS = (
					"$(inherited)",
					"@executable_path/Frameworks",
					"@loader_path/Frameworks",
				);
				PRODUCT_BUNDLE_IDENTIFIER = com.carrillo.ParstagramTests;
				PRODUCT_NAME = "$(TARGET_NAME)";
				SWIFT_VERSION = 5.0;
				TARGETED_DEVICE_FAMILY = "1,2";
				TEST_HOST = "$(BUILT_PRODUCTS_DIR)/Parstagram.app/Parstagram";
			};
			name = Release;
		};
		45FB8E45240F7F2A00F84528 /* Debug */ = {
			isa = XCBuildConfiguration;
			baseConfigurationReference = 1526F39BB918EDFFE35A9AB6 /* Pods-Parstagram-ParstagramUITests.debug.xcconfig */;
			buildSettings = {
				ALWAYS_EMBED_SWIFT_STANDARD_LIBRARIES = YES;
				CODE_SIGN_STYLE = Automatic;
				DEVELOPMENT_TEAM = 34Z8HRUM4W;
				INFOPLIST_FILE = ParstagramUITests/Info.plist;
				LD_RUNPATH_SEARCH_PATHS = (
					"$(inherited)",
					"@executable_path/Frameworks",
					"@loader_path/Frameworks",
				);
				PRODUCT_BUNDLE_IDENTIFIER = com.carrillo.ParstagramUITests;
				PRODUCT_NAME = "$(TARGET_NAME)";
				SWIFT_VERSION = 5.0;
				TARGETED_DEVICE_FAMILY = "1,2";
				TEST_TARGET_NAME = Parstagram;
			};
			name = Debug;
		};
		45FB8E46240F7F2A00F84528 /* Release */ = {
			isa = XCBuildConfiguration;
			baseConfigurationReference = 833FB95A8DEE6CFF8BFAE54A /* Pods-Parstagram-ParstagramUITests.release.xcconfig */;
			buildSettings = {
				ALWAYS_EMBED_SWIFT_STANDARD_LIBRARIES = YES;
				CODE_SIGN_STYLE = Automatic;
				DEVELOPMENT_TEAM = 34Z8HRUM4W;
				INFOPLIST_FILE = ParstagramUITests/Info.plist;
				LD_RUNPATH_SEARCH_PATHS = (
					"$(inherited)",
					"@executable_path/Frameworks",
					"@loader_path/Frameworks",
				);
				PRODUCT_BUNDLE_IDENTIFIER = com.carrillo.ParstagramUITests;
				PRODUCT_NAME = "$(TARGET_NAME)";
				SWIFT_VERSION = 5.0;
				TARGETED_DEVICE_FAMILY = "1,2";
				TEST_TARGET_NAME = Parstagram;
			};
			name = Release;
		};
/* End XCBuildConfiguration section */

/* Begin XCConfigurationList section */
		45FB8E0F240F7F2600F84528 /* Build configuration list for PBXProject "Parstagram" */ = {
			isa = XCConfigurationList;
			buildConfigurations = (
				45FB8E3C240F7F2A00F84528 /* Debug */,
				45FB8E3D240F7F2A00F84528 /* Release */,
			);
			defaultConfigurationIsVisible = 0;
			defaultConfigurationName = Release;
		};
		45FB8E3E240F7F2A00F84528 /* Build configuration list for PBXNativeTarget "Parstagram" */ = {
			isa = XCConfigurationList;
			buildConfigurations = (
				45FB8E3F240F7F2A00F84528 /* Debug */,
				45FB8E40240F7F2A00F84528 /* Release */,
			);
			defaultConfigurationIsVisible = 0;
			defaultConfigurationName = Release;
		};
		45FB8E41240F7F2A00F84528 /* Build configuration list for PBXNativeTarget "ParstagramTests" */ = {
			isa = XCConfigurationList;
			buildConfigurations = (
				45FB8E42240F7F2A00F84528 /* Debug */,
				45FB8E43240F7F2A00F84528 /* Release */,
			);
			defaultConfigurationIsVisible = 0;
			defaultConfigurationName = Release;
		};
		45FB8E44240F7F2A00F84528 /* Build configuration list for PBXNativeTarget "ParstagramUITests" */ = {
			isa = XCConfigurationList;
			buildConfigurations = (
				45FB8E45240F7F2A00F84528 /* Debug */,
				45FB8E46240F7F2A00F84528 /* Release */,
			);
			defaultConfigurationIsVisible = 0;
			defaultConfigurationName = Release;
		};
/* End XCConfigurationList section */
	};
	rootObject = 45FB8E0C240F7F2600F84528 /* Project object */;
}
